<?xml version="1.0" encoding="utf-8"?>
<Project ToolsVersion="4.0" xmlns="http://schemas.microsoft.com/developer/msbuild/2003">
  <ItemGroup>
    <Filter Include="Resource Files">
      <UniqueIdentifier>{67DA6AB6-F800-4c08-8B7A-83BB121AAD01}</UniqueIdentifier>
      <Extensions>rc;ico;cur;bmp;dlg;rc2;rct;bin;rgs;gif;jpg;jpeg;jpe;resx;tiff;tif;png;wav;mfcribbon-ms</Extensions>
    </Filter>
  </ItemGroup>
  <ItemGroup>
    <ClCompile Include="main.cpp" />
    <ClCompile Include="App\UI\UI.cpp" />
    <ClCompile Include="App\Error.cpp" />
    <ClCompile Include="App\App.cpp" />
    <ClCompile Include="App\VLCTools\VLCTools.cpp" />
    <ClCompile Include="App\UI\ImGui\imgui.cpp" />
    <ClCompile Include="App\UI\ImGui\imgui_demo.cpp" />
    <ClCompile Include="App\UI\ImGui\imgui_draw.cpp" />
    <ClCompile Include="App\UI\ImGui\imgui_impl_dx9.cpp" />
    <ClCompile Include="App\UI\ImGui\imgui_impl_win32.cpp" />
    <ClCompile Include="App\UI\ImGui\imgui_widgets.cpp" />
    <ClCompile Include="App\Discord\Discord.cpp" />
    <ClCompile Include="App\Discord\DiscordAPI\src\connection_win.cpp" />
    <ClCompile Include="App\Discord\DiscordAPI\src\discord_register_win.cpp" />
    <ClCompile Include="App\Discord\DiscordAPI\src\discord_rpc.cpp" />
    <ClCompile Include="App\Discord\DiscordAPI\src\rpc_connection.cpp" />
    <ClCompile Include="App\Discord\DiscordAPI\src\serialization.cpp" />
  </ItemGroup>
  <ItemGroup>
    <ClInclude Include="Types.h" />
    <ClInclude Include="Macro.h" />
    <ClInclude Include="Global.h" />
    <ClInclude Include="App\App.h" />
    <ClInclude Include="App\UI\UI.h" />
    <ClInclude Include="App\Error.h" />
    <ClInclude Include="App\VLCTools\VLCTools.h" />
    <ClInclude Include="App\Timer.h" />
    <ClInclude Include="App\UI\ImGui\imstb_truetype.h" />
    <ClInclude Include="App\UI\ImGui\imconfig.h" />
    <ClInclude Include="App\UI\ImGui\imgui.h" />
    <ClInclude Include="App\UI\ImGui\imgui_impl_dx9.h" />
    <ClInclude Include="App\UI\ImGui\imgui_impl_win32.h" />
    <ClInclude Include="App\UI\ImGui\imgui_internal.h" />
    <ClInclude Include="App\UI\ImGui\imstb_rectpack.h" />
    <ClInclude Include="App\UI\ImGui\imstb_textedit.h" />
    <ClInclude Include="App\Discord\Discord.h" />
    <ClInclude Include="App\Discord\DiscordAPI\include\discord_rpc.h" />
    <ClInclude Include="App\Discord\DiscordAPI\include\discord_register.h" />
    <ClInclude Include="App\Discord\DiscordAPI\src\serialization.h" />
    <ClInclude Include="App\Discord\DiscordAPI\src\backoff.h" />
    <ClInclude Include="App\Discord\DiscordAPI\src\connection.h" />
    <ClInclude Include="App\Discord\DiscordAPI\src\msg_queue.h" />
    <ClInclude Include="App\Discord\DiscordAPI\src\rpc_connection.h" />
    <ClInclude Include="App\Discord\DiscordAPI\src\rapidjson\error\en.h" />
    <ClInclude Include="App\Discord\DiscordAPI\src\rapidjson\error\error.h" />
    <ClInclude Include="App\Discord\DiscordAPI\src\rapidjson\internal\biginteger.h" />
    <ClInclude Include="App\Discord\DiscordAPI\src\rapidjson\internal\diyfp.h" />
    <ClInclude Include="App\Discord\DiscordAPI\src\rapidjson\internal\dtoa.h" />
    <ClInclude Include="App\Discord\DiscordAPI\src\rapidjson\internal\ieee754.h" />
    <ClInclude Include="App\Discord\DiscordAPI\src\rapidjson\internal\itoa.h" />
    <ClInclude Include="App\Discord\DiscordAPI\src\rapidjson\internal\meta.h" />
    <ClInclude Include="App\Discord\DiscordAPI\src\rapidjson\internal\pow10.h" />
    <ClInclude Include="App\Discord\DiscordAPI\src\rapidjson\internal\regex.h" />
    <ClInclude Include="App\Discord\DiscordAPI\src\rapidjson\internal\stack.h" />
    <ClInclude Include="App\Discord\DiscordAPI\src\rapidjson\internal\strfunc.h" />
    <ClInclude Include="App\Discord\DiscordAPI\src\rapidjson\internal\strtod.h" />
    <ClInclude Include="App\Discord\DiscordAPI\src\rapidjson\internal\swap.h" />
    <ClInclude Include="App\Discord\DiscordAPI\src\rapidjson\msinttypes\inttypes.h" />
    <ClInclude Include="App\Discord\DiscordAPI\src\rapidjson\msinttypes\stdint.h" />
    <ClInclude Include="App\Discord\DiscordAPI\src\rapidjson\allocators.h" />
    <ClInclude Include="App\Discord\DiscordAPI\src\rapidjson\cursorstreamwrapper.h" />
    <ClInclude Include="App\Discord\DiscordAPI\src\rapidjson\document.h" />
    <ClInclude Include="App\Discord\DiscordAPI\src\rapidjson\encodedstream.h" />
    <ClInclude Include="App\Discord\DiscordAPI\src\rapidjson\encodings.h" />
    <ClInclude Include="App\Discord\DiscordAPI\src\rapidjson\filereadstream.h" />
    <ClInclude Include="App\Discord\DiscordAPI\src\rapidjson\filewritestream.h" />
    <ClInclude Include="App\Discord\DiscordAPI\src\rapidjson\fwd.h" />
    <ClInclude Include="App\Discord\DiscordAPI\src\rapidjson\istreamwrapper.h" />
    <ClInclude Include="App\Discord\DiscordAPI\src\rapidjson\memorybuffer.h" />
    <ClInclude Include="App\Discord\DiscordAPI\src\rapidjson\memorystream.h" />
    <ClInclude Include="App\Discord\DiscordAPI\src\rapidjson\ostreamwrapper.h" />
    <ClInclude Include="App\Discord\DiscordAPI\src\rapidjson\pointer.h" />
    <ClInclude Include="App\Discord\DiscordAPI\src\rapidjson\prettywriter.h" />
    <ClInclude Include="App\Discord\DiscordAPI\src\rapidjson\rapidjson.h" />
    <ClInclude Include="App\Discord\DiscordAPI\src\rapidjson\reader.h" />
    <ClInclude Include="App\Discord\DiscordAPI\src\rapidjson\schema.h" />
    <ClInclude Include="App\Discord\DiscordAPI\src\rapidjson\stream.h" />
    <ClInclude Include="App\Discord\DiscordAPI\src\rapidjson\stringbuffer.h" />
    <ClInclude Include="App\Discord\DiscordAPI\src\rapidjson\writer.h" />
  </ItemGroup>
</Project>